
Microsoft Visual Studio Solution File, Format Version 12.00
# Visual Studio 14
VisualStudioVersion = 14.0.25123.0
MinimumVisualStudioVersion = 10.0.40219.1
Project("{FAE04EC0-301F-11D3-BF4B-00C04F79EFBC}") = "Classes.Tests", "Classes.Tests\Classes.Tests.csproj", "{8533372B-A381-4C3C-978B-2F82DD3359FD}"
EndProject
Project("{FAE04EC0-301F-11D3-BF4B-00C04F79EFBC}") = "Classes", "Classes\Classes.csproj", "{909C5F73-F874-44A7-80F4-F86FDC0159BD}"
EndProject
Global
	GlobalSection(SolutionConfigurationPlatforms) = preSolution
		Debug|Any CPU = Debug|Any CPU
		Release|Any CPU = Release|Any CPU
	EndGlobalSection
	GlobalSection(ProjectConfigurationPlatforms) = postSolution
		{8533372B-A381-4C3C-978B-2F82DD3359FD}.Debug|Any CPU.ActiveCfg = Debug|Any CPU
		{8533372B-A381-4C3C-978B-2F82DD3359FD}.Debug|Any CPU.Build.0 = Debug|Any CPU
		{8533372B-A381-4C3C-978B-2F82DD3359FD}.Release|Any CPU.ActiveCfg = Release|Any CPU
		{8533372B-A381-4C3C-978B-2F82DD3359FD}.Release|Any CPU.Build.0 = Release|Any CPU
		{909C5F73-F874-44A7-80F4-F86FDC0159BD}.Debug|Any CPU.ActiveCfg = Debug|Any CPU
		{909C5F73-F874-44A7-80F4-F86FDC0159BD}.Debug|Any CPU.Build.0 = Debug|Any CPU
		{909C5F73-F874-44A7-80F4-F86FDC0159BD}.Release|Any CPU.ActiveCfg = Release|Any CPU
		{909C5F73-F874-44A7-80F4-F86FDC0159BD}.Release|Any CPU.Build.0 = Release|Any CPU
	EndGlobalSection
	GlobalSection(SolutionProperties) = preSolution
		HideSolutionNode = FALSE
	EndGlobalSection
EndGlobal
