
Microsoft Visual Studio Solution File, Format Version 12.00
# Visual Studio 14
VisualStudioVersion = 14.0.25420.1
MinimumVisualStudioVersion = 10.0.40219.1
Project("{FAE04EC0-301F-11D3-BF4B-00C04F79EFBC}") = "Company.Client", "Company.Client\Company.Client.csproj", "{2ACF9FEE-0F4D-4233-931D-2CC9B8E06ACB}"
EndProject
Project("{FAE04EC0-301F-11D3-BF4B-00C04F79EFBC}") = "Company.Utilities", "Company.Utilities\Company.Utilities.csproj", "{734B09BC-41AF-468A-A9EC-777AF73146C0}"
EndProject
Project("{FAE04EC0-301F-11D3-BF4B-00C04F79EFBC}") = "Company.Repositories", "Company.Repositories\Company.Repositories.csproj", "{012462B8-4F76-426B-BDE7-2CFB09226F00}"
EndProject
Project("{FAE04EC0-301F-11D3-BF4B-00C04F79EFBC}") = "Company.Data", "Company.Data\Company.Data.csproj", "{3893B23E-D7E1-4975-9747-17D443305F89}"
EndProject
Global
	GlobalSection(SolutionConfigurationPlatforms) = preSolution
		Debug|Any CPU = Debug|Any CPU
		Release|Any CPU = Release|Any CPU
	EndGlobalSection
	GlobalSection(ProjectConfigurationPlatforms) = postSolution
		{2ACF9FEE-0F4D-4233-931D-2CC9B8E06ACB}.Debug|Any CPU.ActiveCfg = Debug|Any CPU
		{2ACF9FEE-0F4D-4233-931D-2CC9B8E06ACB}.Debug|Any CPU.Build.0 = Debug|Any CPU
		{2ACF9FEE-0F4D-4233-931D-2CC9B8E06ACB}.Release|Any CPU.ActiveCfg = Release|Any CPU
		{2ACF9FEE-0F4D-4233-931D-2CC9B8E06ACB}.Release|Any CPU.Build.0 = Release|Any CPU
		{734B09BC-41AF-468A-A9EC-777AF73146C0}.Debug|Any CPU.ActiveCfg = Debug|Any CPU
		{734B09BC-41AF-468A-A9EC-777AF73146C0}.Debug|Any CPU.Build.0 = Debug|Any CPU
		{734B09BC-41AF-468A-A9EC-777AF73146C0}.Release|Any CPU.ActiveCfg = Release|Any CPU
		{734B09BC-41AF-468A-A9EC-777AF73146C0}.Release|Any CPU.Build.0 = Release|Any CPU
		{012462B8-4F76-426B-BDE7-2CFB09226F00}.Debug|Any CPU.ActiveCfg = Debug|Any CPU
		{012462B8-4F76-426B-BDE7-2CFB09226F00}.Debug|Any CPU.Build.0 = Debug|Any CPU
		{012462B8-4F76-426B-BDE7-2CFB09226F00}.Release|Any CPU.ActiveCfg = Release|Any CPU
		{012462B8-4F76-426B-BDE7-2CFB09226F00}.Release|Any CPU.Build.0 = Release|Any CPU
		{3893B23E-D7E1-4975-9747-17D443305F89}.Debug|Any CPU.ActiveCfg = Debug|Any CPU
		{3893B23E-D7E1-4975-9747-17D443305F89}.Debug|Any CPU.Build.0 = Debug|Any CPU
		{3893B23E-D7E1-4975-9747-17D443305F89}.Release|Any CPU.ActiveCfg = Release|Any CPU
		{3893B23E-D7E1-4975-9747-17D443305F89}.Release|Any CPU.Build.0 = Release|Any CPU
	EndGlobalSection
	GlobalSection(SolutionProperties) = preSolution
		HideSolutionNode = FALSE
	EndGlobalSection
EndGlobal
