
Microsoft Visual Studio Solution File, Format Version 12.00
# Visual Studio 14
VisualStudioVersion = 14.0.25123.0
MinimumVisualStudioVersion = 10.0.40219.1
Project("{FAE04EC0-301F-11D3-BF4B-00C04F79EFBC}") = "01. Shapes", "01. Shapes\01. Shapes.csproj", "{ECD8452D-26D8-4463-8ED2-58B8511D11DD}"
EndProject
Project("{FAE04EC0-301F-11D3-BF4B-00C04F79EFBC}") = "02. Bank-Accounts", "02. Bank-Accounts\02. Bank-Accounts.csproj", "{2A1B8FF5-F231-4F41-AE27-DD7F51E9F94A}"
EndProject
Project("{FAE04EC0-301F-11D3-BF4B-00C04F79EFBC}") = "03. Range-Exceptions", "03. Range-Exceptions\03. Range-Exceptions.csproj", "{B5D430C6-6BDC-439C-89BE-36B2593A952B}"
EndProject
Global
	GlobalSection(SolutionConfigurationPlatforms) = preSolution
		Debug|Any CPU = Debug|Any CPU
		Release|Any CPU = Release|Any CPU
	EndGlobalSection
	GlobalSection(ProjectConfigurationPlatforms) = postSolution
		{ECD8452D-26D8-4463-8ED2-58B8511D11DD}.Debug|Any CPU.ActiveCfg = Debug|Any CPU
		{ECD8452D-26D8-4463-8ED2-58B8511D11DD}.Debug|Any CPU.Build.0 = Debug|Any CPU
		{ECD8452D-26D8-4463-8ED2-58B8511D11DD}.Release|Any CPU.ActiveCfg = Release|Any CPU
		{ECD8452D-26D8-4463-8ED2-58B8511D11DD}.Release|Any CPU.Build.0 = Release|Any CPU
		{2A1B8FF5-F231-4F41-AE27-DD7F51E9F94A}.Debug|Any CPU.ActiveCfg = Debug|Any CPU
		{2A1B8FF5-F231-4F41-AE27-DD7F51E9F94A}.Debug|Any CPU.Build.0 = Debug|Any CPU
		{2A1B8FF5-F231-4F41-AE27-DD7F51E9F94A}.Release|Any CPU.ActiveCfg = Release|Any CPU
		{2A1B8FF5-F231-4F41-AE27-DD7F51E9F94A}.Release|Any CPU.Build.0 = Release|Any CPU
		{B5D430C6-6BDC-439C-89BE-36B2593A952B}.Debug|Any CPU.ActiveCfg = Debug|Any CPU
		{B5D430C6-6BDC-439C-89BE-36B2593A952B}.Debug|Any CPU.Build.0 = Debug|Any CPU
		{B5D430C6-6BDC-439C-89BE-36B2593A952B}.Release|Any CPU.ActiveCfg = Release|Any CPU
		{B5D430C6-6BDC-439C-89BE-36B2593A952B}.Release|Any CPU.Build.0 = Release|Any CPU
	EndGlobalSection
	GlobalSection(SolutionProperties) = preSolution
		HideSolutionNode = FALSE
	EndGlobalSection
EndGlobal
