
Microsoft Visual Studio Solution File, Format Version 12.00
# Visual Studio 14
VisualStudioVersion = 14.0.24720.0
MinimumVisualStudioVersion = 10.0.40219.1
Project("{FAE04EC0-301F-11D3-BF4B-00C04F79EFBC}") = "01. DeclareVariables", "01. DeclareVariables\01. DeclareVariables.csproj", "{A135E6BA-7D73-4921-A8C9-0606E1F90CAF}"
EndProject
Project("{FAE04EC0-301F-11D3-BF4B-00C04F79EFBC}") = "02. FloatOrDouble", "02. FloatOrDouble\02. FloatOrDouble.csproj", "{E0762F02-97E6-4465-B215-04B09F5C2F96}"
EndProject
Project("{FAE04EC0-301F-11D3-BF4B-00C04F79EFBC}") = "03. VariableInHexadecimalFormat", "03. VariableInHexadecimalFormat\03. VariableInHexadecimalFormat.csproj", "{6DFBFA5F-1878-4164-B252-0405008D5F96}"
EndProject
Project("{FAE04EC0-301F-11D3-BF4B-00C04F79EFBC}") = "04. UnicodeCharacter", "04. UnicodeCharacter\04. UnicodeCharacter.csproj", "{11203851-DB4C-49C8-BBBF-0C73DFAF9E7C}"
EndProject
Project("{FAE04EC0-301F-11D3-BF4B-00C04F79EFBC}") = "05. BooleanVariable", "05. BooleanVariable\05. BooleanVariable.csproj", "{A2379CF3-AC3E-48B4-923D-A77D430455D2}"
EndProject
Project("{FAE04EC0-301F-11D3-BF4B-00C04F79EFBC}") = "06. StringAndObjects", "06. StringAndObjects\06. StringAndObjects.csproj", "{2C69B9DE-9BDC-40B4-9CA1-2AD09D971730}"
EndProject
Project("{FAE04EC0-301F-11D3-BF4B-00C04F79EFBC}") = "07. QuotesInStrings", "07. QuotesInStrings\07. QuotesInStrings.csproj", "{AD38B2DC-8003-4D7D-BC85-714691418400}"
EndProject
Project("{FAE04EC0-301F-11D3-BF4B-00C04F79EFBC}") = "08. IsoscelesTriangle", "08. IsoscelesTriangle\08. IsoscelesTriangle.csproj", "{2D40A950-CADE-43C5-98AC-1618852C8433}"
EndProject
Project("{FAE04EC0-301F-11D3-BF4B-00C04F79EFBC}") = "09. ExchangeVariableValues", "09. ExchangeVariableValues\09. ExchangeVariableValues.csproj", "{DF4C468E-6D13-44D0-89ED-1D179793180F}"
EndProject
Project("{FAE04EC0-301F-11D3-BF4B-00C04F79EFBC}") = "10. EmployeeData", "10. EmployeeData\10. EmployeeData.csproj", "{A04AF32E-9C63-47D4-8002-C2820444A8D6}"
EndProject
Project("{FAE04EC0-301F-11D3-BF4B-00C04F79EFBC}") = "11. BankAccountData", "11. BankAccountData\11. BankAccountData.csproj", "{6F5FBCAD-59CD-47F0-BD1A-CF41965232D5}"
EndProject
Project("{FAE04EC0-301F-11D3-BF4B-00C04F79EFBC}") = "12. NullValuesArithmetic", "12. NullValuesArithmetic\12. NullValuesArithmetic.csproj", "{BEF28803-6B95-46AA-8B20-F26F732B5C56}"
EndProject
Project("{FAE04EC0-301F-11D3-BF4B-00C04F79EFBC}") = "13. ComparingFloats", "13. ComparingFloats\13. ComparingFloats.csproj", "{DD1E1543-12E6-4BF0-9BBF-83ADA33A2F4E}"
EndProject
Project("{FAE04EC0-301F-11D3-BF4B-00C04F79EFBC}") = "14. PrintTheASCIITable", "14. PrintTheASCIITable\14. PrintTheASCIITable.csproj", "{6CD23074-059D-4951-B670-122E42AFB0F3}"
EndProject
Global
	GlobalSection(SolutionConfigurationPlatforms) = preSolution
		Debug|Any CPU = Debug|Any CPU
		Release|Any CPU = Release|Any CPU
	EndGlobalSection
	GlobalSection(ProjectConfigurationPlatforms) = postSolution
		{A135E6BA-7D73-4921-A8C9-0606E1F90CAF}.Debug|Any CPU.ActiveCfg = Debug|Any CPU
		{A135E6BA-7D73-4921-A8C9-0606E1F90CAF}.Debug|Any CPU.Build.0 = Debug|Any CPU
		{A135E6BA-7D73-4921-A8C9-0606E1F90CAF}.Release|Any CPU.ActiveCfg = Release|Any CPU
		{A135E6BA-7D73-4921-A8C9-0606E1F90CAF}.Release|Any CPU.Build.0 = Release|Any CPU
		{E0762F02-97E6-4465-B215-04B09F5C2F96}.Debug|Any CPU.ActiveCfg = Debug|Any CPU
		{E0762F02-97E6-4465-B215-04B09F5C2F96}.Debug|Any CPU.Build.0 = Debug|Any CPU
		{E0762F02-97E6-4465-B215-04B09F5C2F96}.Release|Any CPU.ActiveCfg = Release|Any CPU
		{E0762F02-97E6-4465-B215-04B09F5C2F96}.Release|Any CPU.Build.0 = Release|Any CPU
		{6DFBFA5F-1878-4164-B252-0405008D5F96}.Debug|Any CPU.ActiveCfg = Debug|Any CPU
		{6DFBFA5F-1878-4164-B252-0405008D5F96}.Debug|Any CPU.Build.0 = Debug|Any CPU
		{6DFBFA5F-1878-4164-B252-0405008D5F96}.Release|Any CPU.ActiveCfg = Release|Any CPU
		{6DFBFA5F-1878-4164-B252-0405008D5F96}.Release|Any CPU.Build.0 = Release|Any CPU
		{11203851-DB4C-49C8-BBBF-0C73DFAF9E7C}.Debug|Any CPU.ActiveCfg = Debug|Any CPU
		{11203851-DB4C-49C8-BBBF-0C73DFAF9E7C}.Debug|Any CPU.Build.0 = Debug|Any CPU
		{11203851-DB4C-49C8-BBBF-0C73DFAF9E7C}.Release|Any CPU.ActiveCfg = Release|Any CPU
		{11203851-DB4C-49C8-BBBF-0C73DFAF9E7C}.Release|Any CPU.Build.0 = Release|Any CPU
		{A2379CF3-AC3E-48B4-923D-A77D430455D2}.Debug|Any CPU.ActiveCfg = Debug|Any CPU
		{A2379CF3-AC3E-48B4-923D-A77D430455D2}.Debug|Any CPU.Build.0 = Debug|Any CPU
		{A2379CF3-AC3E-48B4-923D-A77D430455D2}.Release|Any CPU.ActiveCfg = Release|Any CPU
		{A2379CF3-AC3E-48B4-923D-A77D430455D2}.Release|Any CPU.Build.0 = Release|Any CPU
		{2C69B9DE-9BDC-40B4-9CA1-2AD09D971730}.Debug|Any CPU.ActiveCfg = Debug|Any CPU
		{2C69B9DE-9BDC-40B4-9CA1-2AD09D971730}.Debug|Any CPU.Build.0 = Debug|Any CPU
		{2C69B9DE-9BDC-40B4-9CA1-2AD09D971730}.Release|Any CPU.ActiveCfg = Release|Any CPU
		{2C69B9DE-9BDC-40B4-9CA1-2AD09D971730}.Release|Any CPU.Build.0 = Release|Any CPU
		{AD38B2DC-8003-4D7D-BC85-714691418400}.Debug|Any CPU.ActiveCfg = Debug|Any CPU
		{AD38B2DC-8003-4D7D-BC85-714691418400}.Debug|Any CPU.Build.0 = Debug|Any CPU
		{AD38B2DC-8003-4D7D-BC85-714691418400}.Release|Any CPU.ActiveCfg = Release|Any CPU
		{AD38B2DC-8003-4D7D-BC85-714691418400}.Release|Any CPU.Build.0 = Release|Any CPU
		{2D40A950-CADE-43C5-98AC-1618852C8433}.Debug|Any CPU.ActiveCfg = Debug|Any CPU
		{2D40A950-CADE-43C5-98AC-1618852C8433}.Debug|Any CPU.Build.0 = Debug|Any CPU
		{2D40A950-CADE-43C5-98AC-1618852C8433}.Release|Any CPU.ActiveCfg = Release|Any CPU
		{2D40A950-CADE-43C5-98AC-1618852C8433}.Release|Any CPU.Build.0 = Release|Any CPU
		{DF4C468E-6D13-44D0-89ED-1D179793180F}.Debug|Any CPU.ActiveCfg = Debug|Any CPU
		{DF4C468E-6D13-44D0-89ED-1D179793180F}.Debug|Any CPU.Build.0 = Debug|Any CPU
		{DF4C468E-6D13-44D0-89ED-1D179793180F}.Release|Any CPU.ActiveCfg = Release|Any CPU
		{DF4C468E-6D13-44D0-89ED-1D179793180F}.Release|Any CPU.Build.0 = Release|Any CPU
		{A04AF32E-9C63-47D4-8002-C2820444A8D6}.Debug|Any CPU.ActiveCfg = Debug|Any CPU
		{A04AF32E-9C63-47D4-8002-C2820444A8D6}.Debug|Any CPU.Build.0 = Debug|Any CPU
		{A04AF32E-9C63-47D4-8002-C2820444A8D6}.Release|Any CPU.ActiveCfg = Release|Any CPU
		{A04AF32E-9C63-47D4-8002-C2820444A8D6}.Release|Any CPU.Build.0 = Release|Any CPU
		{6F5FBCAD-59CD-47F0-BD1A-CF41965232D5}.Debug|Any CPU.ActiveCfg = Debug|Any CPU
		{6F5FBCAD-59CD-47F0-BD1A-CF41965232D5}.Debug|Any CPU.Build.0 = Debug|Any CPU
		{6F5FBCAD-59CD-47F0-BD1A-CF41965232D5}.Release|Any CPU.ActiveCfg = Release|Any CPU
		{6F5FBCAD-59CD-47F0-BD1A-CF41965232D5}.Release|Any CPU.Build.0 = Release|Any CPU
		{BEF28803-6B95-46AA-8B20-F26F732B5C56}.Debug|Any CPU.ActiveCfg = Debug|Any CPU
		{BEF28803-6B95-46AA-8B20-F26F732B5C56}.Debug|Any CPU.Build.0 = Debug|Any CPU
		{BEF28803-6B95-46AA-8B20-F26F732B5C56}.Release|Any CPU.ActiveCfg = Release|Any CPU
		{BEF28803-6B95-46AA-8B20-F26F732B5C56}.Release|Any CPU.Build.0 = Release|Any CPU
		{DD1E1543-12E6-4BF0-9BBF-83ADA33A2F4E}.Debug|Any CPU.ActiveCfg = Debug|Any CPU
		{DD1E1543-12E6-4BF0-9BBF-83ADA33A2F4E}.Debug|Any CPU.Build.0 = Debug|Any CPU
		{DD1E1543-12E6-4BF0-9BBF-83ADA33A2F4E}.Release|Any CPU.ActiveCfg = Release|Any CPU
		{DD1E1543-12E6-4BF0-9BBF-83ADA33A2F4E}.Release|Any CPU.Build.0 = Release|Any CPU
		{6CD23074-059D-4951-B670-122E42AFB0F3}.Debug|Any CPU.ActiveCfg = Debug|Any CPU
		{6CD23074-059D-4951-B670-122E42AFB0F3}.Debug|Any CPU.Build.0 = Debug|Any CPU
		{6CD23074-059D-4951-B670-122E42AFB0F3}.Release|Any CPU.ActiveCfg = Release|Any CPU
		{6CD23074-059D-4951-B670-122E42AFB0F3}.Release|Any CPU.Build.0 = Release|Any CPU
	EndGlobalSection
	GlobalSection(SolutionProperties) = preSolution
		HideSolutionNode = FALSE
	EndGlobalSection
EndGlobal
