
Microsoft Visual Studio Solution File, Format Version 12.00
# Visual Studio 14
VisualStudioVersion = 14.0.25420.1
MinimumVisualStudioVersion = 10.0.40219.1
Project("{FAE04EC0-301F-11D3-BF4B-00C04F79EFBC}") = "ToyStore.Application", "ToyStore.Application\ToyStore.Application.csproj", "{FCE7A8A8-681B-4DC5-9C2E-439F253D76BB}"
EndProject
Project("{FAE04EC0-301F-11D3-BF4B-00C04F79EFBC}") = "ToyStore.Data", "ToyStore.Data\ToyStore.Data.csproj", "{D1B74120-E3BD-48A9-8C4F-9D228F945A18}"
EndProject
Project("{FAE04EC0-301F-11D3-BF4B-00C04F79EFBC}") = "ToyStore.Utilities", "ToyStore.Utilities\ToyStore.Utilities.csproj", "{E184DAC4-4C67-4224-B505-20008D1A23B7}"
EndProject
Project("{FAE04EC0-301F-11D3-BF4B-00C04F79EFBC}") = "ToyStore.Repository", "ToyStore.Repository\ToyStore.Repository.csproj", "{A74CF59A-0F90-45C2-917A-54B53EB0C809}"
EndProject
Global
	GlobalSection(SolutionConfigurationPlatforms) = preSolution
		Debug|Any CPU = Debug|Any CPU
		Release|Any CPU = Release|Any CPU
	EndGlobalSection
	GlobalSection(ProjectConfigurationPlatforms) = postSolution
		{FCE7A8A8-681B-4DC5-9C2E-439F253D76BB}.Debug|Any CPU.ActiveCfg = Debug|Any CPU
		{FCE7A8A8-681B-4DC5-9C2E-439F253D76BB}.Debug|Any CPU.Build.0 = Debug|Any CPU
		{FCE7A8A8-681B-4DC5-9C2E-439F253D76BB}.Release|Any CPU.ActiveCfg = Release|Any CPU
		{FCE7A8A8-681B-4DC5-9C2E-439F253D76BB}.Release|Any CPU.Build.0 = Release|Any CPU
		{D1B74120-E3BD-48A9-8C4F-9D228F945A18}.Debug|Any CPU.ActiveCfg = Debug|Any CPU
		{D1B74120-E3BD-48A9-8C4F-9D228F945A18}.Debug|Any CPU.Build.0 = Debug|Any CPU
		{D1B74120-E3BD-48A9-8C4F-9D228F945A18}.Release|Any CPU.ActiveCfg = Release|Any CPU
		{D1B74120-E3BD-48A9-8C4F-9D228F945A18}.Release|Any CPU.Build.0 = Release|Any CPU
		{E184DAC4-4C67-4224-B505-20008D1A23B7}.Debug|Any CPU.ActiveCfg = Debug|Any CPU
		{E184DAC4-4C67-4224-B505-20008D1A23B7}.Debug|Any CPU.Build.0 = Debug|Any CPU
		{E184DAC4-4C67-4224-B505-20008D1A23B7}.Release|Any CPU.ActiveCfg = Release|Any CPU
		{E184DAC4-4C67-4224-B505-20008D1A23B7}.Release|Any CPU.Build.0 = Release|Any CPU
		{A74CF59A-0F90-45C2-917A-54B53EB0C809}.Debug|Any CPU.ActiveCfg = Debug|Any CPU
		{A74CF59A-0F90-45C2-917A-54B53EB0C809}.Debug|Any CPU.Build.0 = Debug|Any CPU
		{A74CF59A-0F90-45C2-917A-54B53EB0C809}.Release|Any CPU.ActiveCfg = Release|Any CPU
		{A74CF59A-0F90-45C2-917A-54B53EB0C809}.Release|Any CPU.Build.0 = Release|Any CPU
	EndGlobalSection
	GlobalSection(SolutionProperties) = preSolution
		HideSolutionNode = FALSE
	EndGlobalSection
EndGlobal
