
Microsoft Visual Studio Solution File, Format Version 12.00
# Visual Studio 14
VisualStudioVersion = 14.0.25123.0
MinimumVisualStudioVersion = 10.0.40219.1
Project("{FAE04EC0-301F-11D3-BF4B-00C04F79EFBC}") = "Problem 1 – Money", "Problem 1 – Money\Problem 1 – Money.csproj", "{B9D3B500-E6F8-4D67-8EC0-A1E7BA084569}"
EndProject
Project("{FAE04EC0-301F-11D3-BF4B-00C04F79EFBC}") = "Problem 2 – Encoding Sum", "Problem 2 – Encoding Sum\Problem 2 – Encoding Sum.csproj", "{67E5374D-DEEE-452E-A218-AB21D6FAD34F}"
EndProject
Project("{FAE04EC0-301F-11D3-BF4B-00C04F79EFBC}") = "Problem 3 – Maslan", "Problem 3 – Maslan\Problem 3 – Maslan.csproj", "{AFFBC1BB-A5A9-4B03-A889-5BAAC9A8A0F0}"
EndProject
Global
	GlobalSection(SolutionConfigurationPlatforms) = preSolution
		Debug|Any CPU = Debug|Any CPU
		Release|Any CPU = Release|Any CPU
	EndGlobalSection
	GlobalSection(ProjectConfigurationPlatforms) = postSolution
		{B9D3B500-E6F8-4D67-8EC0-A1E7BA084569}.Debug|Any CPU.ActiveCfg = Debug|Any CPU
		{B9D3B500-E6F8-4D67-8EC0-A1E7BA084569}.Debug|Any CPU.Build.0 = Debug|Any CPU
		{B9D3B500-E6F8-4D67-8EC0-A1E7BA084569}.Release|Any CPU.ActiveCfg = Release|Any CPU
		{B9D3B500-E6F8-4D67-8EC0-A1E7BA084569}.Release|Any CPU.Build.0 = Release|Any CPU
		{67E5374D-DEEE-452E-A218-AB21D6FAD34F}.Debug|Any CPU.ActiveCfg = Debug|Any CPU
		{67E5374D-DEEE-452E-A218-AB21D6FAD34F}.Debug|Any CPU.Build.0 = Debug|Any CPU
		{67E5374D-DEEE-452E-A218-AB21D6FAD34F}.Release|Any CPU.ActiveCfg = Release|Any CPU
		{67E5374D-DEEE-452E-A218-AB21D6FAD34F}.Release|Any CPU.Build.0 = Release|Any CPU
		{AFFBC1BB-A5A9-4B03-A889-5BAAC9A8A0F0}.Debug|Any CPU.ActiveCfg = Debug|Any CPU
		{AFFBC1BB-A5A9-4B03-A889-5BAAC9A8A0F0}.Debug|Any CPU.Build.0 = Debug|Any CPU
		{AFFBC1BB-A5A9-4B03-A889-5BAAC9A8A0F0}.Release|Any CPU.ActiveCfg = Release|Any CPU
		{AFFBC1BB-A5A9-4B03-A889-5BAAC9A8A0F0}.Release|Any CPU.Build.0 = Release|Any CPU
	EndGlobalSection
	GlobalSection(SolutionProperties) = preSolution
		HideSolutionNode = FALSE
	EndGlobalSection
EndGlobal
