
Microsoft Visual Studio Solution File, Format Version 12.00
# Visual Studio 14
VisualStudioVersion = 14.0.25420.1
MinimumVisualStudioVersion = 10.0.40219.1
Project("{FAE04EC0-301F-11D3-BF4B-00C04F79EFBC}") = "Bunnies", "Bunnies\Bunnies.csproj", "{8F323446-23C6-4365-8DE7-50B91C044A83}"
EndProject
Project("{FAE04EC0-301F-11D3-BF4B-00C04F79EFBC}") = "Events", "Events\Events.csproj", "{97109E5B-393F-4363-B13D-1B0A292D4B72}"
EndProject
Global
	GlobalSection(SolutionConfigurationPlatforms) = preSolution
		Debug|Any CPU = Debug|Any CPU
		Release|Any CPU = Release|Any CPU
	EndGlobalSection
	GlobalSection(ProjectConfigurationPlatforms) = postSolution
		{8F323446-23C6-4365-8DE7-50B91C044A83}.Debug|Any CPU.ActiveCfg = Debug|Any CPU
		{8F323446-23C6-4365-8DE7-50B91C044A83}.Debug|Any CPU.Build.0 = Debug|Any CPU
		{8F323446-23C6-4365-8DE7-50B91C044A83}.Release|Any CPU.ActiveCfg = Release|Any CPU
		{8F323446-23C6-4365-8DE7-50B91C044A83}.Release|Any CPU.Build.0 = Release|Any CPU
		{97109E5B-393F-4363-B13D-1B0A292D4B72}.Debug|Any CPU.ActiveCfg = Debug|Any CPU
		{97109E5B-393F-4363-B13D-1B0A292D4B72}.Debug|Any CPU.Build.0 = Debug|Any CPU
		{97109E5B-393F-4363-B13D-1B0A292D4B72}.Release|Any CPU.ActiveCfg = Release|Any CPU
		{97109E5B-393F-4363-B13D-1B0A292D4B72}.Release|Any CPU.Build.0 = Release|Any CPU
	EndGlobalSection
	GlobalSection(SolutionProperties) = preSolution
		HideSolutionNode = FALSE
	EndGlobalSection
EndGlobal
