
Microsoft Visual Studio Solution File, Format Version 12.00
# Visual Studio 14
VisualStudioVersion = 14.0.25420.1
MinimumVisualStudioVersion = 10.0.40219.1
Project("{FAE04EC0-301F-11D3-BF4B-00C04F79EFBC}") = "Bookstore.Data", "Bookstore.Data\Bookstore.Data.csproj", "{8B7D84F9-5E22-41B0-BFB3-103EDF472484}"
EndProject
Project("{FAE04EC0-301F-11D3-BF4B-00C04F79EFBC}") = "Bookstore.Models", "Bookstore.Models\Bookstore.Models.csproj", "{42573481-6C3D-4869-BF97-D6E129731FA8}"
EndProject
Project("{FAE04EC0-301F-11D3-BF4B-00C04F79EFBC}") = "Bookstore.Client", "Bookstore.Client\Bookstore.Client.csproj", "{C1A20663-5790-410A-9835-5A8CA57BFDCA}"
EndProject
Global
	GlobalSection(SolutionConfigurationPlatforms) = preSolution
		Debug|Any CPU = Debug|Any CPU
		Release|Any CPU = Release|Any CPU
	EndGlobalSection
	GlobalSection(ProjectConfigurationPlatforms) = postSolution
		{8B7D84F9-5E22-41B0-BFB3-103EDF472484}.Debug|Any CPU.ActiveCfg = Debug|Any CPU
		{8B7D84F9-5E22-41B0-BFB3-103EDF472484}.Debug|Any CPU.Build.0 = Debug|Any CPU
		{8B7D84F9-5E22-41B0-BFB3-103EDF472484}.Release|Any CPU.ActiveCfg = Release|Any CPU
		{8B7D84F9-5E22-41B0-BFB3-103EDF472484}.Release|Any CPU.Build.0 = Release|Any CPU
		{42573481-6C3D-4869-BF97-D6E129731FA8}.Debug|Any CPU.ActiveCfg = Debug|Any CPU
		{42573481-6C3D-4869-BF97-D6E129731FA8}.Debug|Any CPU.Build.0 = Debug|Any CPU
		{42573481-6C3D-4869-BF97-D6E129731FA8}.Release|Any CPU.ActiveCfg = Release|Any CPU
		{42573481-6C3D-4869-BF97-D6E129731FA8}.Release|Any CPU.Build.0 = Release|Any CPU
		{C1A20663-5790-410A-9835-5A8CA57BFDCA}.Debug|Any CPU.ActiveCfg = Debug|Any CPU
		{C1A20663-5790-410A-9835-5A8CA57BFDCA}.Debug|Any CPU.Build.0 = Debug|Any CPU
		{C1A20663-5790-410A-9835-5A8CA57BFDCA}.Release|Any CPU.ActiveCfg = Release|Any CPU
		{C1A20663-5790-410A-9835-5A8CA57BFDCA}.Release|Any CPU.Build.0 = Release|Any CPU
	EndGlobalSection
	GlobalSection(SolutionProperties) = preSolution
		HideSolutionNode = FALSE
	EndGlobalSection
EndGlobal
